{
  "name": "bsky-push",
  "lockfileVersion": 3,
  "requires": true,
  "packages": {
    "": {
      "dependencies": {
        "@atproto/api": "^0.13.12",
        "@skyware/jetstream": "^0.2.0",
        "dotenv": "^16.4.5",
        "pushover-notifications": "^1.2.3",
        "ws": "^8.18.0"
      }
    },
    "node_modules/@atcute/bluesky": {
      "version": "1.0.8",
      "resolved": "https://registry.npmjs.org/@atcute/bluesky/-/bluesky-1.0.8.tgz",
      "integrity": "sha512-XqAZHYh65ZyBBT5rRkEhP656THYaY6CE+EY0AZXkIDaXJNdIl9KINZW5dnSrVWifspJbM+gUw1QFlCv8Yrx01g==",
      "license": "MIT",
      "peerDependencies": {
        "@atcute/client": "^1.0.0 || ^2.0.0"
      }
    },
    "node_modules/@atcute/client": {
      "version": "2.0.4",
      "resolved": "https://registry.npmjs.org/@atcute/client/-/client-2.0.4.tgz",
      "integrity": "sha512-bKA6KEOmrdhU2CDRNp13M4WyKN0EdrVLKJffzPo62ANSTMacz5hRJhmvQYwuo7BZSGIoDql4sH+QR6Xbk3DERg==",
      "license": "MIT",
      "peer": true
    },
    "node_modules/@atproto/api": {
      "version": "0.13.12",
      "resolved": "https://registry.npmjs.org/@atproto/api/-/api-0.13.12.tgz",
      "integrity": "sha512-U/qimbjlX0MA4MsR+GDuAnFtmdFuGi7eMQZm51s9gbDUw6y4RARL6gaZ0Ju9fBZpS45sI+ShlUHzIoEiBaRvkg==",
      "license": "MIT",
      "dependencies": {
        "@atproto/common-web": "^0.3.1",
        "@atproto/lexicon": "^0.4.2",
        "@atproto/syntax": "^0.3.0",
        "@atproto/xrpc": "^0.6.3",
        "await-lock": "^2.2.2",
        "multiformats": "^9.9.0",
        "tlds": "^1.234.0",
        "zod": "^3.23.8"
      }
    },
    "node_modules/@atproto/common-web": {
      "version": "0.3.1",
      "resolved": "https://registry.npmjs.org/@atproto/common-web/-/common-web-0.3.1.tgz",
      "integrity": "sha512-N7wiTnus5vAr+lT//0y8m/FaHHLJ9LpGuEwkwDAeV3LCiPif4m/FS8x/QOYrx1PdZQwKso95RAPzCGWQBH5j6Q==",
      "license": "MIT",
      "dependencies": {
        "graphemer": "^1.4.0",
        "multiformats": "^9.9.0",
        "uint8arrays": "3.0.0",
        "zod": "^3.23.8"
      }
    },
    "node_modules/@atproto/lexicon": {
      "version": "0.4.2",
      "resolved": "https://registry.npmjs.org/@atproto/lexicon/-/lexicon-0.4.2.tgz",
      "integrity": "sha512-CXoOkhcdF3XVUnR2oNgCs2ljWfo/8zUjxL5RIhJW/UNLp/FSl+KpF8Jm5fbk8Y/XXVPGRAsv9OYfxyU/14N/pw==",
      "license": "MIT",
      "dependencies": {
        "@atproto/common-web": "^0.3.1",
        "@atproto/syntax": "^0.3.0",
        "iso-datestring-validator": "^2.2.2",
        "multiformats": "^9.9.0",
        "zod": "^3.23.8"
      }
    },
    "node_modules/@atproto/syntax": {
      "version": "0.3.0",
      "resolved": "https://registry.npmjs.org/@atproto/syntax/-/syntax-0.3.0.tgz",
      "integrity": "sha512-Weq0ZBxffGHDXHl9U7BQc2BFJi/e23AL+k+i5+D9hUq/bzT4yjGsrCejkjq0xt82xXDjmhhvQSZ0LqxyZ5woxA==",
      "license": "MIT"
    },
    "node_modules/@atproto/xrpc": {
      "version": "0.6.3",
      "resolved": "https://registry.npmjs.org/@atproto/xrpc/-/xrpc-0.6.3.tgz",
      "integrity": "sha512-S3tRvOdA9amPkKLll3rc4vphlDitLrkN5TwWh5Tu/jzk7mnobVVE3akYgICV9XCNHKjWM+IAPxFFI2qi+VW6nQ==",
      "license": "MIT",
      "dependencies": {
        "@atproto/lexicon": "^0.4.2",
        "zod": "^3.23.8"
      }
    },
    "node_modules/@skyware/jetstream": {
      "version": "0.2.0",
      "resolved": "https://registry.npmjs.org/@skyware/jetstream/-/jetstream-0.2.0.tgz",
      "integrity": "sha512-nydEVe47fc3Cn9yLjk0Tos05pB4PYVOXno8RKlf0QguJUF48ASKx9xA4jUHqEI1dk2oHuHWoXpo9ic+RIgk6yw==",
      "license": "MPL-2.0",
      "dependencies": {
        "@atcute/bluesky": "^1.0.6",
        "partysocket": "^1.0.2"
      }
    },
    "node_modules/await-lock": {
      "version": "2.2.2",
      "resolved": "https://registry.npmjs.org/await-lock/-/await-lock-2.2.2.tgz",
      "integrity": "sha512-aDczADvlvTGajTDjcjpJMqRkOF6Qdz3YbPZm/PyW6tKPkx2hlYBzxMhEywM/tU72HrVZjgl5VCdRuMlA7pZ8Gw==",
      "license": "MIT"
    },
    "node_modules/dotenv": {
      "version": "16.4.5",
      "resolved": "https://registry.npmjs.org/dotenv/-/dotenv-16.4.5.tgz",
      "integrity": "sha512-ZmdL2rui+eB2YwhsWzjInR8LldtZHGDoQ1ugH85ppHKwpUHL7j7rN0Ti9NCnGiQbhaZ11FpR+7ao1dNsmduNUg==",
      "license": "BSD-2-Clause",
      "engines": {
        "node": ">=12"
      },
      "funding": {
        "url": "https://dotenvx.com"
      }
    },
    "node_modules/event-target-shim": {
      "version": "6.0.2",
      "resolved": "https://registry.npmjs.org/event-target-shim/-/event-target-shim-6.0.2.tgz",
      "integrity": "sha512-8q3LsZjRezbFZ2PN+uP+Q7pnHUMmAOziU2vA2OwoFaKIXxlxl38IylhSSgUorWu/rf4er67w0ikBqjBFk/pomA==",
      "license": "MIT",
      "engines": {
        "node": ">=10.13.0"
      },
      "funding": {
        "url": "https://github.com/sponsors/mysticatea"
      }
    },
    "node_modules/graphemer": {
      "version": "1.4.0",
      "resolved": "https://registry.npmjs.org/graphemer/-/graphemer-1.4.0.tgz",
      "integrity": "sha512-EtKwoO6kxCL9WO5xipiHTZlSzBm7WLT627TqC/uVRd0HKmq8NXyebnNYxDoBi7wt8eTWrUrKXCOVaFq9x1kgag==",
      "license": "MIT"
    },
    "node_modules/iso-datestring-validator": {
      "version": "2.2.2",
      "resolved": "https://registry.npmjs.org/iso-datestring-validator/-/iso-datestring-validator-2.2.2.tgz",
      "integrity": "sha512-yLEMkBbLZTlVQqOnQ4FiMujR6T4DEcCb1xizmvXS+OxuhwcbtynoosRzdMA69zZCShCNAbi+gJ71FxZBBXx1SA==",
      "license": "MIT"
    },
    "node_modules/multiformats": {
      "version": "9.9.0",
      "resolved": "https://registry.npmjs.org/multiformats/-/multiformats-9.9.0.tgz",
      "integrity": "sha512-HoMUjhH9T8DDBNT+6xzkrd9ga/XiBI4xLr58LJACwK6G3HTOPeMz4nB4KJs33L2BelrIJa7P0VuNaVF3hMYfjg==",
      "license": "(Apache-2.0 AND MIT)"
    },
    "node_modules/partysocket": {
      "version": "1.0.2",
      "resolved": "https://registry.npmjs.org/partysocket/-/partysocket-1.0.2.tgz",
      "integrity": "sha512-rAFOUKImaq+VBk2B+2RTBsWEvlnarEP53nchoUHzpVs8V6fG2/estihOTslTQUWHVuHEKDL5k8htG8K3TngyFA==",
      "license": "ISC",
      "dependencies": {
        "event-target-shim": "^6.0.2"
      }
    },
    "node_modules/pushover-notifications": {
      "version": "1.2.3",
      "resolved": "https://registry.npmjs.org/pushover-notifications/-/pushover-notifications-1.2.3.tgz",
      "integrity": "sha512-jVfniktfi8nYS5f1QsHs/fFAkzSaHYUcmn4CFOMMsv2wvvxvMgSJdjkdoRR0BqQU6uYs2QJs41PQhbqa1TkAIg==",
      "engines": {
        "node": "*"
      }
    },
    "node_modules/tlds": {
      "version": "1.255.0",
      "resolved": "https://registry.npmjs.org/tlds/-/tlds-1.255.0.tgz",
      "integrity": "sha512-tcwMRIioTcF/FcxLev8MJWxCp+GUALRhFEqbDoZrnowmKSGqPrl5pqS+Sut2m8BgJ6S4FExCSSpGffZ0Tks6Aw==",
      "license": "MIT",
      "bin": {
        "tlds": "bin.js"
      }
    },
    "node_modules/uint8arrays": {
      "version": "3.0.0",
      "resolved": "https://registry.npmjs.org/uint8arrays/-/uint8arrays-3.0.0.tgz",
      "integrity": "sha512-HRCx0q6O9Bfbp+HHSfQQKD7wU70+lydKVt4EghkdOvlK/NlrF90z+eXV34mUd48rNvVJXwkrMSPpCATkct8fJA==",
      "license": "MIT",
      "dependencies": {
        "multiformats": "^9.4.2"
      }
    },
    "node_modules/ws": {
      "version": "8.18.0",
      "resolved": "https://registry.npmjs.org/ws/-/ws-8.18.0.tgz",
      "integrity": "sha512-8VbfWfHLbbwu3+N6OKsOMpBdT4kXPDDB9cJk2bJ6mh9ucxdlnNvH1e+roYkKmN9Nxw2yjz7VzeO9oOz2zJ04Pw==",
      "license": "MIT",
      "engines": {
        "node": ">=10.0.0"
      },
      "peerDependencies": {
        "bufferutil": "^4.0.1",
        "utf-8-validate": ">=5.0.2"
      },
      "peerDependenciesMeta": {
        "bufferutil": {
          "optional": true
        },
        "utf-8-validate": {
          "optional": true
        }
      }
    },
    "node_modules/zod": {
      "version": "3.23.8",
      "resolved": "https://registry.npmjs.org/zod/-/zod-3.23.8.tgz",
      "integrity": "sha512-XBx9AXhXktjUqnepgTiE5flcKIYWi/rme0Eaj+5Y0lftuGBq+jyRu/md4WnuxqgP1ubdpNCsYEYPxrzVHD8d6g==",
      "license": "MIT",
      "funding": {
        "url": "https://github.com/sponsors/colinhacks"
      }
    }
  }
}
